
Microsoft Visual Studio Solution File, Format Version 12.00
# Visual Studio Version 16
VisualStudioVersion = 16.0.34031.81
MinimumVisualStudioVersion = 10.0.40219.1
Project("{FAE04EC0-301F-11D3-BF4B-00C04F79EFBC}") = "WebAppIT5", "WebAppIT5\WebAppIT5.csproj", "{C711AB9D-6D75-43D1-916E-B4EE5E9A1D96}"
EndProject
Global
	GlobalSection(SolutionConfigurationPlatforms) = preSolution
		Debug|Any CPU = Debug|Any CPU
		Release|Any CPU = Release|Any CPU
	EndGlobalSection
	GlobalSection(ProjectConfigurationPlatforms) = postSolution
		{C711AB9D-6D75-43D1-916E-B4EE5E9A1D96}.Debug|Any CPU.ActiveCfg = Debug|Any CPU
		{C711AB9D-6D75-43D1-916E-B4EE5E9A1D96}.Debug|Any CPU.Build.0 = Debug|Any CPU
		{C711AB9D-6D75-43D1-916E-B4EE5E9A1D96}.Release|Any CPU.ActiveCfg = Release|Any CPU
		{C711AB9D-6D75-43D1-916E-B4EE5E9A1D96}.Release|Any CPU.Build.0 = Release|Any CPU
	EndGlobalSection
	GlobalSection(SolutionProperties) = preSolution
		HideSolutionNode = FALSE
	EndGlobalSection
	GlobalSection(ExtensibilityGlobals) = postSolution
		SolutionGuid = {5A2565FA-8588-49E1-BC54-559EE7BBBBA8}
	EndGlobalSection
EndGlobal
